
Microsoft Visual Studio Solution File, Format Version 12.00
# Visual Studio Version 16
VisualStudioVersion = 16.0.31005.135
MinimumVisualStudioVersion = 10.0.40219.1
Project("{9A19103F-16F7-4668-BE54-9A1E7A4F7556}") = "BankAdministration.Web", "BankAdministration.Web\BankAdministration.Web.csproj", "{900CFAAD-7F25-43B1-A482-E4DFF170B3BA}"
EndProject
Project("{9A19103F-16F7-4668-BE54-9A1E7A4F7556}") = "BankAdministration.Persistence", "BankAdministration.Persistence\BankAdministration.Persistence.csproj", "{016C7631-1012-4D0F-B64A-DABF1CC96FE5}"
EndProject
Project("{9A19103F-16F7-4668-BE54-9A1E7A4F7556}") = "BankAdministration.WebApi", "BankAdministration.WebApi\BankAdministration.WebApi.csproj", "{006C041B-F21C-42B8-8294-72EFB121C8CF}"
EndProject
Project("{9A19103F-16F7-4668-BE54-9A1E7A4F7556}") = "BankAdministration.Desktop", "BankAdministration.Desktop\BankAdministration.Desktop.csproj", "{F6C53482-82AF-4341-BAF7-EFC8A73E86F6}"
EndProject
Project("{FAE04EC0-301F-11D3-BF4B-00C04F79EFBC}") = "BankAdministration.WebApi.Tests", "BankAdministration.WebApi.Tests\BankAdministration.WebApi.Tests.csproj", "{EF46E1F8-C9D5-4F02-B103-D8C5B4BBDC6D}"
EndProject
Global
	GlobalSection(SolutionConfigurationPlatforms) = preSolution
		Debug|Any CPU = Debug|Any CPU
		Release|Any CPU = Release|Any CPU
	EndGlobalSection
	GlobalSection(ProjectConfigurationPlatforms) = postSolution
		{900CFAAD-7F25-43B1-A482-E4DFF170B3BA}.Debug|Any CPU.ActiveCfg = Debug|Any CPU
		{900CFAAD-7F25-43B1-A482-E4DFF170B3BA}.Debug|Any CPU.Build.0 = Debug|Any CPU
		{900CFAAD-7F25-43B1-A482-E4DFF170B3BA}.Release|Any CPU.ActiveCfg = Release|Any CPU
		{900CFAAD-7F25-43B1-A482-E4DFF170B3BA}.Release|Any CPU.Build.0 = Release|Any CPU
		{016C7631-1012-4D0F-B64A-DABF1CC96FE5}.Debug|Any CPU.ActiveCfg = Debug|Any CPU
		{016C7631-1012-4D0F-B64A-DABF1CC96FE5}.Debug|Any CPU.Build.0 = Debug|Any CPU
		{016C7631-1012-4D0F-B64A-DABF1CC96FE5}.Release|Any CPU.ActiveCfg = Release|Any CPU
		{016C7631-1012-4D0F-B64A-DABF1CC96FE5}.Release|Any CPU.Build.0 = Release|Any CPU
		{006C041B-F21C-42B8-8294-72EFB121C8CF}.Debug|Any CPU.ActiveCfg = Debug|Any CPU
		{006C041B-F21C-42B8-8294-72EFB121C8CF}.Debug|Any CPU.Build.0 = Debug|Any CPU
		{006C041B-F21C-42B8-8294-72EFB121C8CF}.Release|Any CPU.ActiveCfg = Release|Any CPU
		{006C041B-F21C-42B8-8294-72EFB121C8CF}.Release|Any CPU.Build.0 = Release|Any CPU
		{F6C53482-82AF-4341-BAF7-EFC8A73E86F6}.Debug|Any CPU.ActiveCfg = Debug|Any CPU
		{F6C53482-82AF-4341-BAF7-EFC8A73E86F6}.Debug|Any CPU.Build.0 = Debug|Any CPU
		{F6C53482-82AF-4341-BAF7-EFC8A73E86F6}.Release|Any CPU.ActiveCfg = Release|Any CPU
		{F6C53482-82AF-4341-BAF7-EFC8A73E86F6}.Release|Any CPU.Build.0 = Release|Any CPU
		{EF46E1F8-C9D5-4F02-B103-D8C5B4BBDC6D}.Debug|Any CPU.ActiveCfg = Debug|Any CPU
		{EF46E1F8-C9D5-4F02-B103-D8C5B4BBDC6D}.Debug|Any CPU.Build.0 = Debug|Any CPU
		{EF46E1F8-C9D5-4F02-B103-D8C5B4BBDC6D}.Release|Any CPU.ActiveCfg = Release|Any CPU
		{EF46E1F8-C9D5-4F02-B103-D8C5B4BBDC6D}.Release|Any CPU.Build.0 = Release|Any CPU
	EndGlobalSection
	GlobalSection(SolutionProperties) = preSolution
		HideSolutionNode = FALSE
	EndGlobalSection
	GlobalSection(ExtensibilityGlobals) = postSolution
		SolutionGuid = {EF668DFD-C11C-49F4-BE9B-5AF368EB2A14}
	EndGlobalSection
EndGlobal
